{
  "nodes": {
    "clear-notifications": {
      "flake": false,
      "locked": {
        "lastModified": 1761337465,
        "narHash": "sha256-/19K2zxeBgaAxkJcYDzYqHCtgERbyExdSVtZKSUSaTM=",
        "ref": "refs/heads/master",
        "rev": "94ff69fe5225e464890e4f759e7578d5da3b90fe",
        "revCount": 17,
        "type": "git",
        "url": "https://gist.github.com/lancethomps/a5ac103f334b171f70ce2ff983220b4f.git"
      },
      "original": {
        "type": "git",
        "url": "https://gist.github.com/lancethomps/a5ac103f334b171f70ce2ff983220b4f.git"
      }
    },
    "enhansi": {
      "flake": false,
      "locked": {
        "lastModified": 1771191602,
        "narHash": "sha256-UYE+RR33TbtW5F2WSUomq6Y+xIQUZDobRqhAA2lk9Zg=",
        "owner": "vargasd",
        "repo": "enhansi",
        "rev": "cdd08fe7df59bc0586e4970d4d9997c8e7ad8a5a",
        "type": "github"
      },
      "original": {
        "owner": "vargasd",
        "repo": "enhansi",
        "type": "github"
      }
    },
    "firefox-addons": {
      "inputs": {
        "nixpkgs": [
          "nixpkgs"
        ]
      },
      "locked": {
        "dir": "pkgs/firefox-addons",
        "lastModified": 1769745834,
        "narHash": "sha256-/7EzWXFrHiF2LiuQPFUD1jhICcRa30QVa/uQCPu1Q/g=",
        "owner": "rycee",
        "repo": "nur-expressions",
        "rev": "ec30ecfdee4b0df2325c2672db21684e806f4b69",
        "type": "gitlab"
      },
      "original": {
        "dir": "pkgs/firefox-addons",
        "owner": "rycee",
        "repo": "nur-expressions",
        "type": "gitlab"
      }
    },
    "flake-compat": {
      "flake": false,
      "locked": {
        "lastModified": 1696426674,
        "narHash": "sha256-kvjfFW7WAETZlt09AgDn1MrtKzP7t90Vf7vypd3OL1U=",
        "owner": "edolstra",
        "repo": "flake-compat",
        "rev": "0f9255e01c2351cc7d116c072cb317785dd33b33",
        "type": "github"
      },
      "original": {
        "owner": "edolstra",
        "repo": "flake-compat",
        "type": "github"
      }
    },
    "flake-parts": {
      "inputs": {
        "nixpkgs-lib": "nixpkgs-lib"
      },
      "locked": {
        "lastModified": 1717285511,
        "narHash": "sha256-iKzJcpdXih14qYVcZ9QC9XuZYnPc6T8YImb6dX166kw=",
        "owner": "hercules-ci",
        "repo": "flake-parts",
        "rev": "2a55567fcf15b1b1c7ed712a2c6fadaec7412ea8",
        "type": "github"
      },
      "original": {
        "owner": "hercules-ci",
        "repo": "flake-parts",
        "type": "github"
      }
    },
    "flake-utils": {
      "inputs": {
        "systems": [
          "systems"
        ]
      },
      "locked": {
        "lastModified": 1731533236,
        "narHash": "sha256-l0KFg5HjrsfsO/JpG+r7fRrqm12kzFHyUHqHCVpMMbI=",
        "owner": "numtide",
        "repo": "flake-utils",
        "rev": "11707dc2f618dd54ca8739b309ec4fc024de578b",
        "type": "github"
      },
      "original": {
        "owner": "numtide",
        "repo": "flake-utils",
        "type": "github"
      }
    },
    "gen-luarc": {
      "inputs": {
        "flake-parts": "flake-parts",
        "git-hooks": "git-hooks",
        "luvit-meta": "luvit-meta",
        "nixpkgs": "nixpkgs"
      },
      "locked": {
        "lastModified": 1755304025,
        "narHash": "sha256-xVKfjFwc0zMbLMjLTiHz+0llggkjs93SmHkhaa9S3M4=",
        "owner": "mrcjkb",
        "repo": "nix-gen-luarc-json",
        "rev": "1865b0ebb753ae5324d7381b1fa8c98c04ec7509",
        "type": "github"
      },
      "original": {
        "owner": "mrcjkb",
        "repo": "nix-gen-luarc-json",
        "type": "github"
      }
    },
    "git-hooks": {
      "inputs": {
        "flake-compat": "flake-compat",
        "gitignore": "gitignore",
        "nixpkgs": [
          "gen-luarc",
          "nixpkgs"
        ],
        "nixpkgs-stable": "nixpkgs-stable"
      },
      "locked": {
        "lastModified": 1723803910,
        "narHash": "sha256-yezvUuFiEnCFbGuwj/bQcqg7RykIEqudOy/RBrId0pc=",
        "owner": "cachix",
        "repo": "git-hooks.nix",
        "rev": "bfef0ada09e2c8ac55bbcd0831bd0c9d42e651ba",
        "type": "github"
      },
      "original": {
        "owner": "cachix",
        "repo": "git-hooks.nix",
        "type": "github"
      }
    },
    "gitignore": {
      "inputs": {
        "nixpkgs": [
          "gen-luarc",
          "git-hooks",
          "nixpkgs"
        ]
      },
      "locked": {
        "lastModified": 1709087332,
        "narHash": "sha256-HG2cCnktfHsKV0s4XW83gU3F57gaTljL9KNSuG6bnQs=",
        "owner": "hercules-ci",
        "repo": "gitignore.nix",
        "rev": "637db329424fd7e46cf4185293b9cc8c88c95394",
        "type": "github"
      },
      "original": {
        "owner": "hercules-ci",
        "repo": "gitignore.nix",
        "type": "github"
      }
    },
    "home-manager": {
      "inputs": {
        "nixpkgs": [
          "nixpkgs"
        ]
      },
      "locked": {
        "lastModified": 1769187349,
        "narHash": "sha256-clG+nT6I2qxjIgk5WoSDKJyNhzKJs9jzbCujPF2S/yg=",
        "owner": "nix-community",
        "repo": "home-manager",
        "rev": "082a4cd87c6089d1d9c58ebe52655f9e07245fcb",
        "type": "github"
      },
      "original": {
        "owner": "nix-community",
        "repo": "home-manager",
        "type": "github"
      }
    },
    "langthing": {
      "flake": false,
      "locked": {
        "lastModified": 1750085972,
        "narHash": "sha256-h9d4otkVLWlOpKt5UT/5uSpkxsM8MuNGjAvfaug/X0w=",
        "owner": "vargasd",
        "repo": "langthing",
        "rev": "4852a6a36f2608f8048318fd0a460d6bb87b2edd",
        "type": "github"
      },
      "original": {
        "owner": "vargasd",
        "repo": "langthing",
        "type": "github"
      }
    },
    "luvit-meta": {
      "flake": false,
      "locked": {
        "lastModified": 1705776742,
        "narHash": "sha256-zAAptV/oLuLAAsa2zSB/6fxlElk4+jNZd/cPr9oxFig=",
        "owner": "Bilal2453",
        "repo": "luvit-meta",
        "rev": "ce76f6f6cdc9201523a5875a4471dcfe0186eb60",
        "type": "github"
      },
      "original": {
        "owner": "Bilal2453",
        "repo": "luvit-meta",
        "type": "github"
      }
    },
    "nix-darwin": {
      "inputs": {
        "nixpkgs": [
          "nixpkgs"
        ]
      },
      "locked": {
        "lastModified": 1768764703,
        "narHash": "sha256-5ulSDyOG1U+1sJhkJHYsUOWEsmtLl97O0NTVMvgIVyc=",
        "owner": "LnL7",
        "repo": "nix-darwin",
        "rev": "0fc4e7ac670a0ed874abacf73c4b072a6a58064b",
        "type": "github"
      },
      "original": {
        "owner": "LnL7",
        "ref": "master",
        "repo": "nix-darwin",
        "type": "github"
      }
    },
    "nixpkgs": {
      "locked": {
        "lastModified": 1718714799,
        "narHash": "sha256-FUZpz9rg3gL8NVPKbqU8ei1VkPLsTIfAJ2fdAf5qjak=",
        "owner": "nixos",
        "repo": "nixpkgs",
        "rev": "c00d587b1a1afbf200b1d8f0b0e4ba9deb1c7f0e",
        "type": "github"
      },
      "original": {
        "owner": "nixos",
        "ref": "nixos-unstable",
        "repo": "nixpkgs",
        "type": "github"
      }
    },
    "nixpkgs-lib": {
      "locked": {
        "lastModified": 1717284937,
        "narHash": "sha256-lIbdfCsf8LMFloheeE6N31+BMIeixqyQWbSr2vk79EQ=",
        "type": "tarball",
        "url": "https://github.com/NixOS/nixpkgs/archive/eb9ceca17df2ea50a250b6b27f7bf6ab0186f198.tar.gz"
      },
      "original": {
        "type": "tarball",
        "url": "https://github.com/NixOS/nixpkgs/archive/eb9ceca17df2ea50a250b6b27f7bf6ab0186f198.tar.gz"
      }
    },
    "nixpkgs-stable": {
      "locked": {
        "lastModified": 1720386169,
        "narHash": "sha256-NGKVY4PjzwAa4upkGtAMz1npHGoRzWotlSnVlqI40mo=",
        "owner": "NixOS",
        "repo": "nixpkgs",
        "rev": "194846768975b7ad2c4988bdb82572c00222c0d7",
        "type": "github"
      },
      "original": {
        "owner": "NixOS",
        "ref": "nixos-24.05",
        "repo": "nixpkgs",
        "type": "github"
      }
    },
    "nixpkgs_2": {
      "locked": {
        "lastModified": 1769018530,
        "narHash": "sha256-MJ27Cy2NtBEV5tsK+YraYr2g851f3Fl1LpNHDzDX15c=",
        "owner": "nixos",
        "repo": "nixpkgs",
        "rev": "88d3861acdd3d2f0e361767018218e51810df8a1",
        "type": "github"
      },
      "original": {
        "owner": "nixos",
        "ref": "nixos-unstable",
        "repo": "nixpkgs",
        "type": "github"
      }
    },
    "nvim-next": {
      "flake": false,
      "locked": {
        "lastModified": 1728504829,
        "narHash": "sha256-ACDsnUqTYok+uea9O/vW4qu/GJgV9d6WTdUCRjSALvo=",
        "owner": "ghostbuster91",
        "repo": "nvim-next",
        "rev": "9c71ab7dd934ed82376cb4a26d3a8baa0048f0e1",
        "type": "github"
      },
      "original": {
        "owner": "ghostbuster91",
        "repo": "nvim-next",
        "type": "github"
      }
    },
    "root": {
      "inputs": {
        "clear-notifications": "clear-notifications",
        "enhansi": "enhansi",
        "firefox-addons": "firefox-addons",
        "flake-utils": "flake-utils",
        "gen-luarc": "gen-luarc",
        "home-manager": "home-manager",
        "langthing": "langthing",
        "nix-darwin": "nix-darwin",
        "nixpkgs": "nixpkgs_2",
        "nvim-next": "nvim-next",
        "sublime-text-gleam": "sublime-text-gleam",
        "systems": "systems"
      }
    },
    "sublime-text-gleam": {
      "flake": false,
      "locked": {
        "lastModified": 1768422622,
        "narHash": "sha256-fzTwVG0lxSBh7F3A7nHET9Makh+UrIaIXjF/sc9Z5A0=",
        "owner": "digitalcora",
        "repo": "sublime-text-gleam",
        "rev": "e3ad6724cb26b7c39622636173833d1ebd83b156",
        "type": "github"
      },
      "original": {
        "owner": "digitalcora",
        "repo": "sublime-text-gleam",
        "type": "github"
      }
    },
    "systems": {
      "locked": {
        "lastModified": 1681028828,
        "narHash": "sha256-Vy1rq5AaRuLzOxct8nz4T6wlgyUR7zLU309k9mBC768=",
        "owner": "nix-systems",
        "repo": "default",
        "rev": "da67096a3b9bf56a91d16901293e51ba5b49a27e",
        "type": "github"
      },
      "original": {
        "owner": "nix-systems",
        "repo": "default",
        "type": "github"
      }
    }
  },
  "root": "root",
  "version": 7
}
